Microsoft Visual Studio Solution File, Format Version 12.00
# Visual Studio Version 17
VisualStudioVersion = 17.5.2.0
MinimumVisualStudioVersion = 10.0.40219.1
Project("{FAE04EC0-301F-11D3-BF4B-00C04F79EFBC}") = "Pulse.Web", "Pulse.Web\Pulse.Web.csproj", "{15209309-1E8E-5E70-0743-CD6706CC2E32}"
EndProject
Global
	GlobalSection(SolutionConfigurationPlatforms) = preSolution
		Debug|Any CPU = Debug|Any CPU
		Release|Any CPU = Release|Any CPU
	EndGlobalSection
	GlobalSection(ProjectConfigurationPlatforms) = postSolution
		{15209309-1E8E-5E70-0743-CD6706CC2E32}.Debug|Any CPU.ActiveCfg = Debug|Any CPU
		{15209309-1E8E-5E70-0743-CD6706CC2E32}.Debug|Any CPU.Build.0 = Debug|Any CPU
		{15209309-1E8E-5E70-0743-CD6706CC2E32}.Release|Any CPU.ActiveCfg = Release|Any CPU
		{15209309-1E8E-5E70-0743-CD6706CC2E32}.Release|Any CPU.Build.0 = Release|Any CPU
	EndGlobalSection
	GlobalSection(SolutionProperties) = preSolution
		HideSolutionNode = FALSE
	EndGlobalSection
	GlobalSection(ExtensibilityGlobals) = postSolution
		SolutionGuid = {9F653577-8412-480F-BDB6-F1A43FA8408E}
	EndGlobalSection
EndGlobal
